
Microsoft Visual Studio Solution File, Format Version 12.00
# Visual Studio 15
VisualStudioVersion = 15.0.26124.0
MinimumVisualStudioVersion = 15.0.26124.0
Project("{FAE04EC0-301F-11D3-BF4B-00C04F79EFBC}") = "ProjectBot", "ProjectBot\ProjectBot.csproj", "{B69CDD78-02F7-4BD0-9703-C754A09AA902}"
EndProject
Project("{FAE04EC0-301F-11D3-BF4B-00C04F79EFBC}") = "BotScaffold", "BotScaffold\BotScaffold.csproj", "{7A933336-7ABE-46AC-8D3D-990CC68B3552}"
EndProject
Project("{FAE04EC0-301F-11D3-BF4B-00C04F79EFBC}") = "BotTests", "BotTests\BotTests.csproj", "{FEA8CF23-CC0C-4F47-9C20-8A6BAFE3017E}"
EndProject
Project("{FAE04EC0-301F-11D3-BF4B-00C04F79EFBC}") = "RoleBot", "RoleBot\RoleBot.csproj", "{6EDEE3A5-79DE-4CCD-ABD1-92F2B203EE1E}"
EndProject
Global
	GlobalSection(SolutionConfigurationPlatforms) = preSolution
		Debug|Any CPU = Debug|Any CPU
		Debug|x64 = Debug|x64
		Debug|x86 = Debug|x86
		Release|Any CPU = Release|Any CPU
		Release|x64 = Release|x64
		Release|x86 = Release|x86
	EndGlobalSection
	GlobalSection(SolutionProperties) = preSolution
		HideSolutionNode = FALSE
	EndGlobalSection
	GlobalSection(ProjectConfigurationPlatforms) = postSolution
		{B69CDD78-02F7-4BD0-9703-C754A09AA902}.Debug|Any CPU.ActiveCfg = Debug|Any CPU
		{B69CDD78-02F7-4BD0-9703-C754A09AA902}.Debug|Any CPU.Build.0 = Debug|Any CPU
		{B69CDD78-02F7-4BD0-9703-C754A09AA902}.Debug|x64.ActiveCfg = Debug|Any CPU
		{B69CDD78-02F7-4BD0-9703-C754A09AA902}.Debug|x64.Build.0 = Debug|Any CPU
		{B69CDD78-02F7-4BD0-9703-C754A09AA902}.Debug|x86.ActiveCfg = Debug|Any CPU
		{B69CDD78-02F7-4BD0-9703-C754A09AA902}.Debug|x86.Build.0 = Debug|Any CPU
		{B69CDD78-02F7-4BD0-9703-C754A09AA902}.Release|Any CPU.ActiveCfg = Release|Any CPU
		{B69CDD78-02F7-4BD0-9703-C754A09AA902}.Release|Any CPU.Build.0 = Release|Any CPU
		{B69CDD78-02F7-4BD0-9703-C754A09AA902}.Release|x64.ActiveCfg = Release|Any CPU
		{B69CDD78-02F7-4BD0-9703-C754A09AA902}.Release|x64.Build.0 = Release|Any CPU
		{B69CDD78-02F7-4BD0-9703-C754A09AA902}.Release|x86.ActiveCfg = Release|Any CPU
		{B69CDD78-02F7-4BD0-9703-C754A09AA902}.Release|x86.Build.0 = Release|Any CPU
		{7A933336-7ABE-46AC-8D3D-990CC68B3552}.Debug|Any CPU.ActiveCfg = Debug|Any CPU
		{7A933336-7ABE-46AC-8D3D-990CC68B3552}.Debug|Any CPU.Build.0 = Debug|Any CPU
		{7A933336-7ABE-46AC-8D3D-990CC68B3552}.Debug|x64.ActiveCfg = Debug|Any CPU
		{7A933336-7ABE-46AC-8D3D-990CC68B3552}.Debug|x64.Build.0 = Debug|Any CPU
		{7A933336-7ABE-46AC-8D3D-990CC68B3552}.Debug|x86.ActiveCfg = Debug|Any CPU
		{7A933336-7ABE-46AC-8D3D-990CC68B3552}.Debug|x86.Build.0 = Debug|Any CPU
		{7A933336-7ABE-46AC-8D3D-990CC68B3552}.Release|Any CPU.ActiveCfg = Release|Any CPU
		{7A933336-7ABE-46AC-8D3D-990CC68B3552}.Release|Any CPU.Build.0 = Release|Any CPU
		{7A933336-7ABE-46AC-8D3D-990CC68B3552}.Release|x64.ActiveCfg = Release|Any CPU
		{7A933336-7ABE-46AC-8D3D-990CC68B3552}.Release|x64.Build.0 = Release|Any CPU
		{7A933336-7ABE-46AC-8D3D-990CC68B3552}.Release|x86.ActiveCfg = Release|Any CPU
		{7A933336-7ABE-46AC-8D3D-990CC68B3552}.Release|x86.Build.0 = Release|Any CPU
		{FEA8CF23-CC0C-4F47-9C20-8A6BAFE3017E}.Debug|Any CPU.ActiveCfg = Debug|Any CPU
		{FEA8CF23-CC0C-4F47-9C20-8A6BAFE3017E}.Debug|Any CPU.Build.0 = Debug|Any CPU
		{FEA8CF23-CC0C-4F47-9C20-8A6BAFE3017E}.Debug|x64.ActiveCfg = Debug|Any CPU
		{FEA8CF23-CC0C-4F47-9C20-8A6BAFE3017E}.Debug|x64.Build.0 = Debug|Any CPU
		{FEA8CF23-CC0C-4F47-9C20-8A6BAFE3017E}.Debug|x86.ActiveCfg = Debug|Any CPU
		{FEA8CF23-CC0C-4F47-9C20-8A6BAFE3017E}.Debug|x86.Build.0 = Debug|Any CPU
		{FEA8CF23-CC0C-4F47-9C20-8A6BAFE3017E}.Release|Any CPU.ActiveCfg = Release|Any CPU
		{FEA8CF23-CC0C-4F47-9C20-8A6BAFE3017E}.Release|Any CPU.Build.0 = Release|Any CPU
		{FEA8CF23-CC0C-4F47-9C20-8A6BAFE3017E}.Release|x64.ActiveCfg = Release|Any CPU
		{FEA8CF23-CC0C-4F47-9C20-8A6BAFE3017E}.Release|x64.Build.0 = Release|Any CPU
		{FEA8CF23-CC0C-4F47-9C20-8A6BAFE3017E}.Release|x86.ActiveCfg = Release|Any CPU
		{FEA8CF23-CC0C-4F47-9C20-8A6BAFE3017E}.Release|x86.Build.0 = Release|Any CPU
		{6EDEE3A5-79DE-4CCD-ABD1-92F2B203EE1E}.Debug|Any CPU.ActiveCfg = Debug|Any CPU
		{6EDEE3A5-79DE-4CCD-ABD1-92F2B203EE1E}.Debug|Any CPU.Build.0 = Debug|Any CPU
		{6EDEE3A5-79DE-4CCD-ABD1-92F2B203EE1E}.Debug|x64.ActiveCfg = Debug|Any CPU
		{6EDEE3A5-79DE-4CCD-ABD1-92F2B203EE1E}.Debug|x64.Build.0 = Debug|Any CPU
		{6EDEE3A5-79DE-4CCD-ABD1-92F2B203EE1E}.Debug|x86.ActiveCfg = Debug|Any CPU
		{6EDEE3A5-79DE-4CCD-ABD1-92F2B203EE1E}.Debug|x86.Build.0 = Debug|Any CPU
		{6EDEE3A5-79DE-4CCD-ABD1-92F2B203EE1E}.Release|Any CPU.ActiveCfg = Release|Any CPU
		{6EDEE3A5-79DE-4CCD-ABD1-92F2B203EE1E}.Release|Any CPU.Build.0 = Release|Any CPU
		{6EDEE3A5-79DE-4CCD-ABD1-92F2B203EE1E}.Release|x64.ActiveCfg = Release|Any CPU
		{6EDEE3A5-79DE-4CCD-ABD1-92F2B203EE1E}.Release|x64.Build.0 = Release|Any CPU
		{6EDEE3A5-79DE-4CCD-ABD1-92F2B203EE1E}.Release|x86.ActiveCfg = Release|Any CPU
		{6EDEE3A5-79DE-4CCD-ABD1-92F2B203EE1E}.Release|x86.Build.0 = Release|Any CPU
	EndGlobalSection
EndGlobal
